
Microsoft Visual Studio Solution File, Format Version 12.00
# Visual Studio Version 17
VisualStudioVersion = 17.9.34728.123
MinimumVisualStudioVersion = 10.0.40219.1
Project("{FAE04EC0-301F-11D3-BF4B-00C04F79EFBC}") = "whileanddo", "whileanddo\whileanddo.csproj", "{C81CB88F-8C30-4521-8B53-7B772A399A28}"
EndProject
Global
	GlobalSection(SolutionConfigurationPlatforms) = preSolution
		Debug|Any CPU = Debug|Any CPU
		Release|Any CPU = Release|Any CPU
	EndGlobalSection
	GlobalSection(ProjectConfigurationPlatforms) = postSolution
		{C81CB88F-8C30-4521-8B53-7B772A399A28}.Debug|Any CPU.ActiveCfg = Debug|Any CPU
		{C81CB88F-8C30-4521-8B53-7B772A399A28}.Debug|Any CPU.Build.0 = Debug|Any CPU
		{C81CB88F-8C30-4521-8B53-7B772A399A28}.Release|Any CPU.ActiveCfg = Release|Any CPU
		{C81CB88F-8C30-4521-8B53-7B772A399A28}.Release|Any CPU.Build.0 = Release|Any CPU
	EndGlobalSection
	GlobalSection(SolutionProperties) = preSolution
		HideSolutionNode = FALSE
	EndGlobalSection
	GlobalSection(ExtensibilityGlobals) = postSolution
		SolutionGuid = {CF2781E9-B02E-4A6F-AF51-AC9AD6DCDFE6}
	EndGlobalSection
EndGlobal
